
Microsoft Visual Studio Solution File, Format Version 12.00
# Visual Studio 15
VisualStudioVersion = 15.0.26730.8
MinimumVisualStudioVersion = 10.0.40219.1
Project("{FAE04EC0-301F-11D3-BF4B-00C04F79EFBC}") = "AspNetCore_2.0_prueba1", "AspNetCore_2.0_prueba1\AspNetCore_2.0_prueba1.csproj", "{FCE375B1-4F3B-41FF-88D9-C717E7C79F6A}"
EndProject
Global
	GlobalSection(SolutionConfigurationPlatforms) = preSolution
		Debug|Any CPU = Debug|Any CPU
		Release|Any CPU = Release|Any CPU
	EndGlobalSection
	GlobalSection(ProjectConfigurationPlatforms) = postSolution
		{FCE375B1-4F3B-41FF-88D9-C717E7C79F6A}.Debug|Any CPU.ActiveCfg = Debug|Any CPU
		{FCE375B1-4F3B-41FF-88D9-C717E7C79F6A}.Debug|Any CPU.Build.0 = Debug|Any CPU
		{FCE375B1-4F3B-41FF-88D9-C717E7C79F6A}.Release|Any CPU.ActiveCfg = Release|Any CPU
		{FCE375B1-4F3B-41FF-88D9-C717E7C79F6A}.Release|Any CPU.Build.0 = Release|Any CPU
	EndGlobalSection
	GlobalSection(SolutionProperties) = preSolution
		HideSolutionNode = FALSE
	EndGlobalSection
	GlobalSection(ExtensibilityGlobals) = postSolution
		SolutionGuid = {03E30F38-3850-44CB-BDE9-D4547B63601F}
	EndGlobalSection
EndGlobal
